// !$*UTF8*$!
{
	archiveVersion = 1;
	classes = {
	};
	objectVersion = 55;
	objects = {

/* Begin PBXBuildFile section */
		FB3C6494272CF605000C1898 /* EntryView.swift in Sources */ = {isa = PBXBuildFile; fileRef = FB3C6493272CF605000C1898 /* EntryView.swift */; };
		FB7B93B02732332200615F8E /* 2020Day3-input.txt in Resources */ = {isa = PBXBuildFile; fileRef = FB7B93AF2732332200615F8E /* 2020Day3-input.txt */; };
		FB7B93B22732335700615F8E /* Entry2020Day03.swift in Sources */ = {isa = PBXBuildFile; fileRef = FB7B93B12732335700615F8E /* Entry2020Day03.swift */; };
		FB7B93B4273252DC00615F8E /* Entry2020Day03Tests.swift in Sources */ = {isa = PBXBuildFile; fileRef = FB7B93B3273252DC00615F8E /* Entry2020Day03Tests.swift */; };
		FB88AD89272C96E700F4C49E /* AdventOfCodeApp.swift in Sources */ = {isa = PBXBuildFile; fileRef = FB88AD88272C96E700F4C49E /* AdventOfCodeApp.swift */; };
		FB88AD8B272C96E700F4C49E /* ContentView.swift in Sources */ = {isa = PBXBuildFile; fileRef = FB88AD8A272C96E700F4C49E /* ContentView.swift */; };
		FB88AD8D272C96E700F4C49E /* Assets.xcassets in Resources */ = {isa = PBXBuildFile; fileRef = FB88AD8C272C96E700F4C49E /* Assets.xcassets */; };
		FB88AD90272C96E700F4C49E /* Preview Assets.xcassets in Resources */ = {isa = PBXBuildFile; fileRef = FB88AD8F272C96E700F4C49E /* Preview Assets.xcassets */; };
		FB88ADB4272C97B500F4C49E /* Entry2020Day01.swift in Sources */ = {isa = PBXBuildFile; fileRef = FB88ADB3272C97B500F4C49E /* Entry2020Day01.swift */; };
		FB88ADB6272C9E6200F4C49E /* AdventOfCodeWebView.swift in Sources */ = {isa = PBXBuildFile; fileRef = FB88ADB5272C9E6200F4C49E /* AdventOfCodeWebView.swift */; };
		FB88ADBB272CDC4500F4C49E /* 2020Day1-input.txt in Resources */ = {isa = PBXBuildFile; fileRef = FB88ADBA272CDC4500F4C49E /* 2020Day1-input.txt */; };
		FB88ADBD272CDC9800F4C49E /* Entry2020Day01Tests.swift in Sources */ = {isa = PBXBuildFile; fileRef = FB88ADBC272CDC9800F4C49E /* Entry2020Day01Tests.swift */; };
		FBBE58162733B9230017B99C /* Entry2020Day04.swift in Sources */ = {isa = PBXBuildFile; fileRef = FBBE58152733B9230017B99C /* Entry2020Day04.swift */; };
		FBBE58182733B92D0017B99C /* 2020Day4-input.txt in Resources */ = {isa = PBXBuildFile; fileRef = FBBE58172733B92D0017B99C /* 2020Day4-input.txt */; };
		FBBE581A2733B9590017B99C /* Entry2020Day04Tests.swift in Sources */ = {isa = PBXBuildFile; fileRef = FBBE58192733B9590017B99C /* Entry2020Day04Tests.swift */; };
		FBE045E9272F4193000E72F5 /* Entry.swift in Sources */ = {isa = PBXBuildFile; fileRef = FBE045E8272F4193000E72F5 /* Entry.swift */; };
		FBF23DF82730FD60007E5F2D /* Entry2020Day02.swift in Sources */ = {isa = PBXBuildFile; fileRef = FBF23DF72730FD60007E5F2D /* Entry2020Day02.swift */; };
		FBF23DFA27310522007E5F2D /* 2020Day2-input.txt in Resources */ = {isa = PBXBuildFile; fileRef = FBF23DF927310522007E5F2D /* 2020Day2-input.txt */; };
		FBF23DFC27310AA7007E5F2D /* Entry2020Day02Tests.swift in Sources */ = {isa = PBXBuildFile; fileRef = FBF23DFB27310AA7007E5F2D /* Entry2020Day02Tests.swift */; };
		FBF23DFE27311D8A007E5F2D /* XCTestCaseExtensions.swift in Sources */ = {isa = PBXBuildFile; fileRef = FBF23DFD27311D8A007E5F2D /* XCTestCaseExtensions.swift */; };
/* End PBXBuildFile section */

/* Begin PBXContainerItemProxy section */
		FB88AD97272C96E700F4C49E /* PBXContainerItemProxy */ = {
			isa = PBXContainerItemProxy;
			containerPortal = FB88AD7D272C96E700F4C49E /* Project object */;
			proxyType = 1;
			remoteGlobalIDString = FB88AD84272C96E700F4C49E;
			remoteInfo = "advent-of-code-2020";
		};
/* End PBXContainerItemProxy section */

/* Begin PBXFileReference section */
		FB3C6493272CF605000C1898 /* EntryView.swift */ = {isa = PBXFileReference; lastKnownFileType = sourcecode.swift; path = EntryView.swift; sourceTree = "<group>"; };
		FB7B93AF2732332200615F8E /* 2020Day3-input.txt */ = {isa = PBXFileReference; fileEncoding = 4; lastKnownFileType = text; path = "2020Day3-input.txt"; sourceTree = "<group>"; };
		FB7B93B12732335700615F8E /* Entry2020Day03.swift */ = {isa = PBXFileReference; lastKnownFileType = sourcecode.swift; path = Entry2020Day03.swift; sourceTree = "<group>"; };
		FB7B93B3273252DC00615F8E /* Entry2020Day03Tests.swift */ = {isa = PBXFileReference; lastKnownFileType = sourcecode.swift; path = Entry2020Day03Tests.swift; sourceTree = "<group>"; };
		FB88AD85272C96E700F4C49E /* AdventOfCode.app */ = {isa = PBXFileReference; explicitFileType = wrapper.application; includeInIndex = 0; path = AdventOfCode.app; sourceTree = BUILT_PRODUCTS_DIR; };
		FB88AD88272C96E700F4C49E /* AdventOfCodeApp.swift */ = {isa = PBXFileReference; lastKnownFileType = sourcecode.swift; path = AdventOfCodeApp.swift; sourceTree = "<group>"; };
		FB88AD8A272C96E700F4C49E /* ContentView.swift */ = {isa = PBXFileReference; lastKnownFileType = sourcecode.swift; path = ContentView.swift; sourceTree = "<group>"; };
		FB88AD8C272C96E700F4C49E /* Assets.xcassets */ = {isa = PBXFileReference; lastKnownFileType = folder.assetcatalog; path = Assets.xcassets; sourceTree = "<group>"; };
		FB88AD8F272C96E700F4C49E /* Preview Assets.xcassets */ = {isa = PBXFileReference; lastKnownFileType = folder.assetcatalog; path = "Preview Assets.xcassets"; sourceTree = "<group>"; };
		FB88AD91272C96E700F4C49E /* AdventOfCode.entitlements */ = {isa = PBXFileReference; lastKnownFileType = text.plist.entitlements; path = AdventOfCode.entitlements; sourceTree = "<group>"; };
		FB88AD96272C96E700F4C49E /* AdventOfCodeTests.xctest */ = {isa = PBXFileReference; explicitFileType = wrapper.cfbundle; includeInIndex = 0; path = AdventOfCodeTests.xctest; sourceTree = BUILT_PRODUCTS_DIR; };
		FB88ADB3272C97B500F4C49E /* Entry2020Day01.swift */ = {isa = PBXFileReference; lastKnownFileType = sourcecode.swift; path = Entry2020Day01.swift; sourceTree = "<group>"; };
		FB88ADB5272C9E6200F4C49E /* AdventOfCodeWebView.swift */ = {isa = PBXFileReference; lastKnownFileType = sourcecode.swift; path = AdventOfCodeWebView.swift; sourceTree = "<group>"; };
		FB88ADBA272CDC4500F4C49E /* 2020Day1-input.txt */ = {isa = PBXFileReference; fileEncoding = 4; lastKnownFileType = text; path = "2020Day1-input.txt"; sourceTree = "<group>"; };
		FB88ADBC272CDC9800F4C49E /* Entry2020Day01Tests.swift */ = {isa = PBXFileReference; lastKnownFileType = sourcecode.swift; path = Entry2020Day01Tests.swift; sourceTree = "<group>"; };
		FBBE58152733B9230017B99C /* Entry2020Day04.swift */ = {isa = PBXFileReference; lastKnownFileType = sourcecode.swift; path = Entry2020Day04.swift; sourceTree = "<group>"; };
		FBBE58172733B92D0017B99C /* 2020Day4-input.txt */ = {isa = PBXFileReference; fileEncoding = 4; lastKnownFileType = text; path = "2020Day4-input.txt"; sourceTree = "<group>"; };
		FBBE58192733B9590017B99C /* Entry2020Day04Tests.swift */ = {isa = PBXFileReference; lastKnownFileType = sourcecode.swift; path = Entry2020Day04Tests.swift; sourceTree = "<group>"; };
		FBE045E8272F4193000E72F5 /* Entry.swift */ = {isa = PBXFileReference; lastKnownFileType = sourcecode.swift; path = Entry.swift; sourceTree = "<group>"; };
		FBF23DF72730FD60007E5F2D /* Entry2020Day02.swift */ = {isa = PBXFileReference; fileEncoding = 4; lastKnownFileType = sourcecode.swift; path = Entry2020Day02.swift; sourceTree = "<group>"; };
		FBF23DF927310522007E5F2D /* 2020Day2-input.txt */ = {isa = PBXFileReference; fileEncoding = 4; lastKnownFileType = text; path = "2020Day2-input.txt"; sourceTree = "<group>"; };
		FBF23DFB27310AA7007E5F2D /* Entry2020Day02Tests.swift */ = {isa = PBXFileReference; lastKnownFileType = sourcecode.swift; path = Entry2020Day02Tests.swift; sourceTree = "<group>"; };
		FBF23DFD27311D8A007E5F2D /* XCTestCaseExtensions.swift */ = {isa = PBXFileReference; lastKnownFileType = sourcecode.swift; path = XCTestCaseExtensions.swift; sourceTree = "<group>"; };
/* End PBXFileReference section */

/* Begin PBXFrameworksBuildPhase section */
		FB88AD82272C96E700F4C49E /* Frameworks */ = {
			isa = PBXFrameworksBuildPhase;
			buildActionMask = 2147483647;
			files = (
			);
			runOnlyForDeploymentPostprocessing = 0;
		};
		FB88AD93272C96E700F4C49E /* Frameworks */ = {
			isa = PBXFrameworksBuildPhase;
			buildActionMask = 2147483647;
			files = (
			);
			runOnlyForDeploymentPostprocessing = 0;
		};
/* End PBXFrameworksBuildPhase section */

/* Begin PBXGroup section */
		FB7B93AE2732330300615F8E /* day03 */ = {
			isa = PBXGroup;
			children = (
				FB7B93B12732335700615F8E /* Entry2020Day03.swift */,
				FB7B93AF2732332200615F8E /* 2020Day3-input.txt */,
			);
			path = day03;
			sourceTree = "<group>";
		};
		FB88AD7C272C96E700F4C49E = {
			isa = PBXGroup;
			children = (
				FB88AD87272C96E700F4C49E /* AdventOfCode */,
				FB88AD99272C96E700F4C49E /* AdventOfCodeTests */,
				FB88AD86272C96E700F4C49E /* Products */,
			);
			sourceTree = "<group>";
		};
		FB88AD86272C96E700F4C49E /* Products */ = {
			isa = PBXGroup;
			children = (
				FB88AD85272C96E700F4C49E /* AdventOfCode.app */,
				FB88AD96272C96E700F4C49E /* AdventOfCodeTests.xctest */,
			);
			name = Products;
			sourceTree = "<group>";
		};
		FB88AD87272C96E700F4C49E /* AdventOfCode */ = {
			isa = PBXGroup;
			children = (
				FB88AD91272C96E700F4C49E /* AdventOfCode.entitlements */,
				FB88AD88272C96E700F4C49E /* AdventOfCodeApp.swift */,
				FB88ADB5272C9E6200F4C49E /* AdventOfCodeWebView.swift */,
				FB88AD8A272C96E700F4C49E /* ContentView.swift */,
				FBE045E8272F4193000E72F5 /* Entry.swift */,
				FB3C6493272CF605000C1898 /* EntryView.swift */,
				FB88AD8C272C96E700F4C49E /* Assets.xcassets */,
				FB88ADB7272CAEAE00F4C49E /* entries */,
				FB88AD8E272C96E700F4C49E /* Preview Content */,
			);
			path = AdventOfCode;
			sourceTree = "<group>";
		};
		FB88AD8E272C96E700F4C49E /* Preview Content */ = {
			isa = PBXGroup;
			children = (
				FB88AD8F272C96E700F4C49E /* Preview Assets.xcassets */,
			);
			path = "Preview Content";
			sourceTree = "<group>";
		};
		FB88AD99272C96E700F4C49E /* AdventOfCodeTests */ = {
			isa = PBXGroup;
			children = (
				FB88ADBC272CDC9800F4C49E /* Entry2020Day01Tests.swift */,
				FBF23DFB27310AA7007E5F2D /* Entry2020Day02Tests.swift */,
				FB7B93B3273252DC00615F8E /* Entry2020Day03Tests.swift */,
				FBBE58192733B9590017B99C /* Entry2020Day04Tests.swift */,
				FBF23DFD27311D8A007E5F2D /* XCTestCaseExtensions.swift */,
			);
			path = AdventOfCodeTests;
			sourceTree = "<group>";
		};
		FB88ADB7272CAEAE00F4C49E /* entries */ = {
			isa = PBXGroup;
			children = (
				FBE045EC272FB0D8000E72F5 /* 2020 */,
			);
			path = entries;
			sourceTree = "<group>";
		};
		FBBE58142733B8F80017B99C /* day04 */ = {
			isa = PBXGroup;
			children = (
				FBBE58152733B9230017B99C /* Entry2020Day04.swift */,
				FBBE58172733B92D0017B99C /* 2020Day4-input.txt */,
			);
			path = day04;
			sourceTree = "<group>";
		};
		FBDDC8D6272FB69A00880381 /* day01 */ = {
			isa = PBXGroup;
			children = (
				FB88ADB3272C97B500F4C49E /* Entry2020Day01.swift */,
				FB88ADBA272CDC4500F4C49E /* 2020Day1-input.txt */,
			);
			path = day01;
			sourceTree = "<group>";
		};
		FBE045EC272FB0D8000E72F5 /* 2020 */ = {
			isa = PBXGroup;
			children = (
				FBDDC8D6272FB69A00880381 /* day01 */,
				FBF23DF62730FD06007E5F2D /* day02 */,
				FB7B93AE2732330300615F8E /* day03 */,
				FBBE58142733B8F80017B99C /* day04 */,
			);
			path = 2020;
			sourceTree = "<group>";
		};
		FBF23DF62730FD06007E5F2D /* day02 */ = {
			isa = PBXGroup;
			children = (
				FBF23DF72730FD60007E5F2D /* Entry2020Day02.swift */,
				FBF23DF927310522007E5F2D /* 2020Day2-input.txt */,
			);
			path = day02;
			sourceTree = "<group>";
		};
/* End PBXGroup section */

/* Begin PBXNativeTarget section */
		FB88AD84272C96E700F4C49E /* AdventOfCode */ = {
			isa = PBXNativeTarget;
			buildConfigurationList = FB88ADAA272C96E800F4C49E /* Build configuration list for PBXNativeTarget "AdventOfCode" */;
			buildPhases = (
				FB88AD81272C96E700F4C49E /* Sources */,
				FB88AD82272C96E700F4C49E /* Frameworks */,
				FB88AD83272C96E700F4C49E /* Resources */,
			);
			buildRules = (
			);
			dependencies = (
			);
			name = AdventOfCode;
			productName = "advent-of-code-2020";
			productReference = FB88AD85272C96E700F4C49E /* AdventOfCode.app */;
			productType = "com.apple.product-type.application";
		};
		FB88AD95272C96E700F4C49E /* AdventOfCodeTests */ = {
			isa = PBXNativeTarget;
			buildConfigurationList = FB88ADAD272C96E800F4C49E /* Build configuration list for PBXNativeTarget "AdventOfCodeTests" */;
			buildPhases = (
				FB88AD92272C96E700F4C49E /* Sources */,
				FB88AD93272C96E700F4C49E /* Frameworks */,
				FB88AD94272C96E700F4C49E /* Resources */,
			);
			buildRules = (
			);
			dependencies = (
				FB88AD98272C96E700F4C49E /* PBXTargetDependency */,
			);
			name = AdventOfCodeTests;
			productName = "advent-of-code-2020Tests";
			productReference = FB88AD96272C96E700F4C49E /* AdventOfCodeTests.xctest */;
			productType = "com.apple.product-type.bundle.unit-test";
		};
/* End PBXNativeTarget section */

/* Begin PBXProject section */
		FB88AD7D272C96E700F4C49E /* Project object */ = {
			isa = PBXProject;
			attributes = {
				BuildIndependentTargetsInParallel = 1;
				LastSwiftUpdateCheck = 1320;
				LastUpgradeCheck = 1320;
				TargetAttributes = {
					FB88AD84272C96E700F4C49E = {
						CreatedOnToolsVersion = 13.2;
					};
					FB88AD95272C96E700F4C49E = {
						CreatedOnToolsVersion = 13.2;
						TestTargetID = FB88AD84272C96E700F4C49E;
					};
				};
			};
			buildConfigurationList = FB88AD80272C96E700F4C49E /* Build configuration list for PBXProject "AdventOfCode" */;
			compatibilityVersion = "Xcode 13.0";
			developmentRegion = en;
			hasScannedForEncodings = 0;
			knownRegions = (
				en,
				Base,
			);
			mainGroup = FB88AD7C272C96E700F4C49E;
			productRefGroup = FB88AD86272C96E700F4C49E /* Products */;
			projectDirPath = "";
			projectRoot = "";
			targets = (
				FB88AD84272C96E700F4C49E /* AdventOfCode */,
				FB88AD95272C96E700F4C49E /* AdventOfCodeTests */,
			);
		};
/* End PBXProject section */

/* Begin PBXResourcesBuildPhase section */
		FB88AD83272C96E700F4C49E /* Resources */ = {
			isa = PBXResourcesBuildPhase;
			buildActionMask = 2147483647;
			files = (
				FB7B93B02732332200615F8E /* 2020Day3-input.txt in Resources */,
				FBF23DFA27310522007E5F2D /* 2020Day2-input.txt in Resources */,
				FB88AD90272C96E700F4C49E /* Preview Assets.xcassets in Resources */,
				FB88AD8D272C96E700F4C49E /* Assets.xcassets in Resources */,
				FBBE58182733B92D0017B99C /* 2020Day4-input.txt in Resources */,
				FB88ADBB272CDC4500F4C49E /* 2020Day1-input.txt in Resources */,
			);
			runOnlyForDeploymentPostprocessing = 0;
		};
		FB88AD94272C96E700F4C49E /* Resources */ = {
			isa = PBXResourcesBuildPhase;
			buildActionMask = 2147483647;
			files = (
			);
			runOnlyForDeploymentPostprocessing = 0;
		};
/* End PBXResourcesBuildPhase section */

/* Begin PBXSourcesBuildPhase section */
		FB88AD81272C96E700F4C49E /* Sources */ = {
			isa = PBXSourcesBuildPhase;
			buildActionMask = 2147483647;
			files = (
				FBE045E9272F4193000E72F5 /* Entry.swift in Sources */,
				FBF23DF82730FD60007E5F2D /* Entry2020Day02.swift in Sources */,
				FB88AD8B272C96E700F4C49E /* ContentView.swift in Sources */,
				FB88ADB4272C97B500F4C49E /* Entry2020Day01.swift in Sources */,
				FBBE58162733B9230017B99C /* Entry2020Day04.swift in Sources */,
				FB3C6494272CF605000C1898 /* EntryView.swift in Sources */,
				FB88AD89272C96E700F4C49E /* AdventOfCodeApp.swift in Sources */,
				FB7B93B22732335700615F8E /* Entry2020Day03.swift in Sources */,
				FB88ADB6272C9E6200F4C49E /* AdventOfCodeWebView.swift in Sources */,
			);
			runOnlyForDeploymentPostprocessing = 0;
		};
		FB88AD92272C96E700F4C49E /* Sources */ = {
			isa = PBXSourcesBuildPhase;
			buildActionMask = 2147483647;
			files = (
				FBF23DFE27311D8A007E5F2D /* XCTestCaseExtensions.swift in Sources */,
				FBF23DFC27310AA7007E5F2D /* Entry2020Day02Tests.swift in Sources */,
				FB7B93B4273252DC00615F8E /* Entry2020Day03Tests.swift in Sources */,
				FB88ADBD272CDC9800F4C49E /* Entry2020Day01Tests.swift in Sources */,
				FBBE581A2733B9590017B99C /* Entry2020Day04Tests.swift in Sources */,
			);
			runOnlyForDeploymentPostprocessing = 0;
		};
/* End PBXSourcesBuildPhase section */

/* Begin PBXTargetDependency section */
		FB88AD98272C96E700F4C49E /* PBXTargetDependency */ = {
			isa = PBXTargetDependency;
			target = FB88AD84272C96E700F4C49E /* AdventOfCode */;
			targetProxy = FB88AD97272C96E700F4C49E /* PBXContainerItemProxy */;
		};
/* End PBXTargetDependency section */

/* Begin XCBuildConfiguration section */
		FB88ADA8272C96E800F4C49E /* Debug */ = {
			isa = XCBuildConfiguration;
			buildSettings = {
				ALWAYS_SEARCH_USER_PATHS = NO;
				CLANG_ANALYZER_NONNULL = YES;
				CLANG_ANALYZER_NUMBER_OBJECT_CONVERSION = YES_AGGRESSIVE;
				CLANG_CXX_LANGUAGE_STANDARD = "gnu++17";
				CLANG_CXX_LIBRARY = "libc++";
				CLANG_ENABLE_MODULES = YES;
				CLANG_ENABLE_OBJC_ARC = YES;
				CLANG_ENABLE_OBJC_WEAK = YES;
				CLANG_WARN_BLOCK_CAPTURE_AUTORELEASING = YES;
				CLANG_WARN_BOOL_CONVERSION = YES;
				CLANG_WARN_COMMA = YES;
				CLANG_WARN_CONSTANT_CONVERSION = YES;
				CLANG_WARN_DEPRECATED_OBJC_IMPLEMENTATIONS = YES;
				CLANG_WARN_DIRECT_OBJC_ISA_USAGE = YES_ERROR;
				CLANG_WARN_DOCUMENTATION_COMMENTS = YES;
				CLANG_WARN_EMPTY_BODY = YES;
				CLANG_WARN_ENUM_CONVERSION = YES;
				CLANG_WARN_INFINITE_RECURSION = YES;
				CLANG_WARN_INT_CONVERSION = YES;
				CLANG_WARN_NON_LITERAL_NULL_CONVERSION = YES;
				CLANG_WARN_OBJC_IMPLICIT_RETAIN_SELF = YES;
				CLANG_WARN_OBJC_LITERAL_CONVERSION = YES;
				CLANG_WARN_OBJC_ROOT_CLASS = YES_ERROR;
				CLANG_WARN_QUOTED_INCLUDE_IN_FRAMEWORK_HEADER = YES;
				CLANG_WARN_RANGE_LOOP_ANALYSIS = YES;
				CLANG_WARN_STRICT_PROTOTYPES = YES;
				CLANG_WARN_SUSPICIOUS_MOVE = YES;
				CLANG_WARN_UNGUARDED_AVAILABILITY = YES_AGGRESSIVE;
				CLANG_WARN_UNREACHABLE_CODE = YES;
				CLANG_WARN__DUPLICATE_METHOD_MATCH = YES;
				COPY_PHASE_STRIP = NO;
				DEBUG_INFORMATION_FORMAT = dwarf;
				ENABLE_STRICT_OBJC_MSGSEND = YES;
				ENABLE_TESTABILITY = YES;
				GCC_C_LANGUAGE_STANDARD = gnu11;
				GCC_DYNAMIC_NO_PIC = NO;
				GCC_NO_COMMON_BLOCKS = YES;
				GCC_OPTIMIZATION_LEVEL = 0;
				GCC_PREPROCESSOR_DEFINITIONS = (
					"DEBUG=1",
					"$(inherited)",
				);
				GCC_WARN_64_TO_32_BIT_CONVERSION = YES;
				GCC_WARN_ABOUT_RETURN_TYPE = YES_ERROR;
				GCC_WARN_UNDECLARED_SELECTOR = YES;
				GCC_WARN_UNINITIALIZED_AUTOS = YES_AGGRESSIVE;
				GCC_WARN_UNUSED_FUNCTION = YES;
				GCC_WARN_UNUSED_VARIABLE = YES;
				MACOSX_DEPLOYMENT_TARGET = 12.0;
				MTL_ENABLE_DEBUG_INFO = INCLUDE_SOURCE;
				MTL_FAST_MATH = YES;
				ONLY_ACTIVE_ARCH = YES;
				SDKROOT = macosx;
				SWIFT_ACTIVE_COMPILATION_CONDITIONS = DEBUG;
				SWIFT_OPTIMIZATION_LEVEL = "-Onone";
			};
			name = Debug;
		};
		FB88ADA9272C96E800F4C49E /* Release */ = {
			isa = XCBuildConfiguration;
			buildSettings = {
				ALWAYS_SEARCH_USER_PATHS = NO;
				CLANG_ANALYZER_NONNULL = YES;
				CLANG_ANALYZER_NUMBER_OBJECT_CONVERSION = YES_AGGRESSIVE;
				CLANG_CXX_LANGUAGE_STANDARD = "gnu++17";
				CLANG_CXX_LIBRARY = "libc++";
				CLANG_ENABLE_MODULES = YES;
				CLANG_ENABLE_OBJC_ARC = YES;
				CLANG_ENABLE_OBJC_WEAK = YES;
				CLANG_WARN_BLOCK_CAPTURE_AUTORELEASING = YES;
				CLANG_WARN_BOOL_CONVERSION = YES;
				CLANG_WARN_COMMA = YES;
				CLANG_WARN_CONSTANT_CONVERSION = YES;
				CLANG_WARN_DEPRECATED_OBJC_IMPLEMENTATIONS = YES;
				CLANG_WARN_DIRECT_OBJC_ISA_USAGE = YES_ERROR;
				CLANG_WARN_DOCUMENTATION_COMMENTS = YES;
				CLANG_WARN_EMPTY_BODY = YES;
				CLANG_WARN_ENUM_CONVERSION = YES;
				CLANG_WARN_INFINITE_RECURSION = YES;
				CLANG_WARN_INT_CONVERSION = YES;
				CLANG_WARN_NON_LITERAL_NULL_CONVERSION = YES;
				CLANG_WARN_OBJC_IMPLICIT_RETAIN_SELF = YES;
				CLANG_WARN_OBJC_LITERAL_CONVERSION = YES;
				CLANG_WARN_OBJC_ROOT_CLASS = YES_ERROR;
				CLANG_WARN_QUOTED_INCLUDE_IN_FRAMEWORK_HEADER = YES;
				CLANG_WARN_RANGE_LOOP_ANALYSIS = YES;
				CLANG_WARN_STRICT_PROTOTYPES = YES;
				CLANG_WARN_SUSPICIOUS_MOVE = YES;
				CLANG_WARN_UNGUARDED_AVAILABILITY = YES_AGGRESSIVE;
				CLANG_WARN_UNREACHABLE_CODE = YES;
				CLANG_WARN__DUPLICATE_METHOD_MATCH = YES;
				COPY_PHASE_STRIP = NO;
				DEBUG_INFORMATION_FORMAT = "dwarf-with-dsym";
				ENABLE_NS_ASSERTIONS = NO;
				ENABLE_STRICT_OBJC_MSGSEND = YES;
				GCC_C_LANGUAGE_STANDARD = gnu11;
				GCC_NO_COMMON_BLOCKS = YES;
				GCC_WARN_64_TO_32_BIT_CONVERSION = YES;
				GCC_WARN_ABOUT_RETURN_TYPE = YES_ERROR;
				GCC_WARN_UNDECLARED_SELECTOR = YES;
				GCC_WARN_UNINITIALIZED_AUTOS = YES_AGGRESSIVE;
				GCC_WARN_UNUSED_FUNCTION = YES;
				GCC_WARN_UNUSED_VARIABLE = YES;
				MACOSX_DEPLOYMENT_TARGET = 12.0;
				MTL_ENABLE_DEBUG_INFO = NO;
				MTL_FAST_MATH = YES;
				SDKROOT = macosx;
				SWIFT_COMPILATION_MODE = wholemodule;
				SWIFT_OPTIMIZATION_LEVEL = "-O";
			};
			name = Release;
		};
		FB88ADAB272C96E800F4C49E /* Debug */ = {
			isa = XCBuildConfiguration;
			buildSettings = {
				ASSETCATALOG_COMPILER_APPICON_NAME = AppIcon;
				ASSETCATALOG_COMPILER_GLOBAL_ACCENT_COLOR_NAME = AccentColor;
				CODE_SIGN_ENTITLEMENTS = AdventOfCode/AdventOfCode.entitlements;
				CODE_SIGN_STYLE = Automatic;
				COMBINE_HIDPI_IMAGES = YES;
				CURRENT_PROJECT_VERSION = 1;
				DEVELOPMENT_ASSET_PATHS = "AdventOfCode/Preview\\ Content/Preview\\ Assets.xcassets";
				DEVELOPMENT_TEAM = JCYYKWU6KX;
				ENABLE_HARDENED_RUNTIME = YES;
				ENABLE_PREVIEWS = YES;
				GENERATE_INFOPLIST_FILE = YES;
				INFOPLIST_KEY_NSHumanReadableCopyright = "";
				LD_RUNPATH_SEARCH_PATHS = (
					"$(inherited)",
					"@executable_path/../Frameworks",
				);
				MARKETING_VERSION = 1.0;
				PRODUCT_BUNDLE_IDENTIFIER = "com.aranasaurus.advent-of-code";
				PRODUCT_NAME = "$(TARGET_NAME)";
				SWIFT_EMIT_LOC_STRINGS = YES;
				SWIFT_VERSION = 5.0;
			};
			name = Debug;
		};
		FB88ADAC272C96E800F4C49E /* Release */ = {
			isa = XCBuildConfiguration;
			buildSettings = {
				ASSETCATALOG_COMPILER_APPICON_NAME = AppIcon;
				ASSETCATALOG_COMPILER_GLOBAL_ACCENT_COLOR_NAME = AccentColor;
				CODE_SIGN_ENTITLEMENTS = AdventOfCode/AdventOfCode.entitlements;
				CODE_SIGN_STYLE = Automatic;
				COMBINE_HIDPI_IMAGES = YES;
				CURRENT_PROJECT_VERSION = 1;
				DEVELOPMENT_ASSET_PATHS = "AdventOfCode/Preview\\ Content/Preview\\ Assets.xcassets";
				DEVELOPMENT_TEAM = JCYYKWU6KX;
				ENABLE_HARDENED_RUNTIME = YES;
				ENABLE_PREVIEWS = YES;
				GENERATE_INFOPLIST_FILE = YES;
				INFOPLIST_KEY_NSHumanReadableCopyright = "";
				LD_RUNPATH_SEARCH_PATHS = (
					"$(inherited)",
					"@executable_path/../Frameworks",
				);
				MARKETING_VERSION = 1.0;
				PRODUCT_BUNDLE_IDENTIFIER = "com.aranasaurus.advent-of-code";
				PRODUCT_NAME = "$(TARGET_NAME)";
				SWIFT_EMIT_LOC_STRINGS = YES;
				SWIFT_VERSION = 5.0;
			};
			name = Release;
		};
		FB88ADAE272C96E800F4C49E /* Debug */ = {
			isa = XCBuildConfiguration;
			buildSettings = {
				ALWAYS_EMBED_SWIFT_STANDARD_LIBRARIES = YES;
				BUNDLE_LOADER = "$(TEST_HOST)";
				CODE_SIGN_STYLE = Automatic;
				CURRENT_PROJECT_VERSION = 1;
				DEVELOPMENT_TEAM = JCYYKWU6KX;
				GENERATE_INFOPLIST_FILE = YES;
				MACOSX_DEPLOYMENT_TARGET = 12.0;
				MARKETING_VERSION = 1.0;
				PRODUCT_BUNDLE_IDENTIFIER = com.aranasaurus.AdventOfCodeTests;
				PRODUCT_NAME = "$(TARGET_NAME)";
				SWIFT_EMIT_LOC_STRINGS = NO;
				SWIFT_VERSION = 5.0;
				TEST_HOST = "$(BUILT_PRODUCTS_DIR)/AdventOfCode.app/Contents/MacOS/AdventOfCode";
			};
			name = Debug;
		};
		FB88ADAF272C96E800F4C49E /* Release */ = {
			isa = XCBuildConfiguration;
			buildSettings = {
				ALWAYS_EMBED_SWIFT_STANDARD_LIBRARIES = YES;
				BUNDLE_LOADER = "$(TEST_HOST)";
				CODE_SIGN_STYLE = Automatic;
				CURRENT_PROJECT_VERSION = 1;
				DEVELOPMENT_TEAM = JCYYKWU6KX;
				GENERATE_INFOPLIST_FILE = YES;
				MACOSX_DEPLOYMENT_TARGET = 12.0;
				MARKETING_VERSION = 1.0;
				PRODUCT_BUNDLE_IDENTIFIER = com.aranasaurus.AdventOfCodeTests;
				PRODUCT_NAME = "$(TARGET_NAME)";
				SWIFT_EMIT_LOC_STRINGS = NO;
				SWIFT_VERSION = 5.0;
				TEST_HOST = "$(BUILT_PRODUCTS_DIR)/AdventOfCode.app/Contents/MacOS/AdventOfCode";
			};
			name = Release;
		};
/* End XCBuildConfiguration section */

/* Begin XCConfigurationList section */
		FB88AD80272C96E700F4C49E /* Build configuration list for PBXProject "AdventOfCode" */ = {
			isa = XCConfigurationList;
			buildConfigurations = (
				FB88ADA8272C96E800F4C49E /* Debug */,
				FB88ADA9272C96E800F4C49E /* Release */,
			);
			defaultConfigurationIsVisible = 0;
			defaultConfigurationName = Release;
		};
		FB88ADAA272C96E800F4C49E /* Build configuration list for PBXNativeTarget "AdventOfCode" */ = {
			isa = XCConfigurationList;
			buildConfigurations = (
				FB88ADAB272C96E800F4C49E /* Debug */,
				FB88ADAC272C96E800F4C49E /* Release */,
			);
			defaultConfigurationIsVisible = 0;
			defaultConfigurationName = Release;
		};
		FB88ADAD272C96E800F4C49E /* Build configuration list for PBXNativeTarget "AdventOfCodeTests" */ = {
			isa = XCConfigurationList;
			buildConfigurations = (
				FB88ADAE272C96E800F4C49E /* Debug */,
				FB88ADAF272C96E800F4C49E /* Release */,
			);
			defaultConfigurationIsVisible = 0;
			defaultConfigurationName = Release;
		};
/* End XCConfigurationList section */
	};
	rootObject = FB88AD7D272C96E700F4C49E /* Project object */;
}
